{
    "_readme": [
        "This file locks the dependencies of your project to a known state",
        "Read more about it at https://getcomposer.org/doc/01-basic-usage.md#installing-dependencies",
        "This file is @generated automatically"
    ],
    "content-hash": "ce2ce3fae33db6d746f64f29acd6cf3b",
    "packages": [
        {
            "name": "jbzoo/data",
            "version": "2.0.1",
            "source": {
                "type": "git",
                "url": "https://github.com/JBZoo/Data.git",
                "reference": "24c0dee139dbfd37a325efd923d751baabd62c88"
            },
            "dist": {
                "type": "zip",
                "url": "https://api.github.com/repos/JBZoo/Data/zipball/24c0dee139dbfd37a325efd923d751baabd62c88",
                "reference": "24c0dee139dbfd37a325efd923d751baabd62c88",
                "shasum": ""
            },
            "require": {
                "jbzoo/utils": "^2.2.1",
                "php": ">=7.0"
            },
            "require-dev": {
                "jbzoo/phpunit": "^2.2.1",
                "jbzoo/profiler": "^1.0.5",
                "satooshi/php-coveralls": "^1.0.2",
                "symfony/yaml": "^3.3.13"
            },
            "suggest": {
                "symfony/yaml": "^3.3.13"
            },
            "type": "library",
            "extra": {
                "branch-alias": {
                    "dev-master": "1.x-dev"
                }
            },
            "autoload": {
                "files": [
                    "src/functions.php"
                ],
                "psr-4": {
                    "JBZoo\\Data\\": "src"
                }
            },
            "notification-url": "https://packagist.org/downloads/",
            "license": [
                "MIT"
            ],
            "authors": [
                {
                    "name": "SmetDenis",
                    "email": "denis@jbzoo.com",
                    "role": "lead"
                }
            ],
            "description": "Extended implementation of ArrayObject",
            "keywords": [
                "array",
                "arrayobject",
                "config",
                "data",
                "ini",
                "json",
                "params",
                "yml"
            ],
            "time": "2017-11-22T21:41:27+00:00"
        },
        {
            "name": "jbzoo/utils",
            "version": "2.2.5",
            "source": {
                "type": "git",
                "url": "https://github.com/JBZoo/Utils.git",
                "reference": "a2fb237802a8d39a18c71d8a1cc8a80803b91ade"
            },
            "dist": {
                "type": "zip",
                "url": "https://api.github.com/repos/JBZoo/Utils/zipball/a2fb237802a8d39a18c71d8a1cc8a80803b91ade",
                "reference": "a2fb237802a8d39a18c71d8a1cc8a80803b91ade",
                "shasum": ""
            },
            "require": {
                "jbzoo/data": "^1.6|^2.0",
                "php": ">=7.0"
            },
            "require-dev": {
                "jbzoo/phpunit": "^2.2",
                "jbzoo/profiler": "^1.0",
                "satooshi/php-coveralls": "^1.0.2",
                "symfony/polyfill-mbstring": "^1.6",
                "symfony/process": "^3.3"
            },
            "suggest": {
                "ext-mbstring": "Provides multibyte specific string functions",
                "symfony/polyfill-mbstring": "For UTF-8 if ext-mbstring disabled",
                "symfony/process": "For Cli::exec() method only"
            },
            "type": "library",
            "extra": {
                "branch-alias": {
                    "dev-master": "1.x-dev"
                }
            },
            "autoload": {
                "files": [
                    "src/defines.php"
                ],
                "psr-4": {
                    "JBZoo\\Utils\\": "src"
                }
            },
            "notification-url": "https://packagist.org/downloads/",
            "license": [
                "MIT"
            ],
            "authors": [
                {
                    "name": "Brandon Wamboldt",
                    "email": "brandon.wamboldt@gmail.com"
                },
                {
                    "name": "SmetDenis",
                    "email": "denis@jbzoo.com",
                    "role": "lead"
                },
                {
                    "name": "Luís Nóbrega",
                    "email": "luis.barros.nobrega@gmail.com"
                }
            ],
            "description": "A collection of useful PHP functions, mini classes and snippets that you need every day.",
            "keywords": [
                "array",
                "cli",
                "collection",
                "command line",
                "dates",
                "email",
                "env",
                "environment",
                "filesystem",
                "filter",
                "helper",
                "helpers",
                "http",
                "image",
                "mbstring",
                "misc",
                "serialize",
                "slugify",
                "string",
                "timer",
                "url",
                "utility",
                "utils"
            ],
            "time": "2018-06-09T12:18:58+00:00"
        }
    ],
    "packages-dev": [],
    "aliases": [],
    "minimum-stability": "stable",
    "stability-flags": [],
    "prefer-stable": false,
    "prefer-lowest": false,
    "platform": [],
    "platform-dev": []
}
